Microsoft Visual Studio Solution File, Format Version 12.00
# Visual Studio Version 17
VisualStudioVersion = 17.5.2.0
MinimumVisualStudioVersion = 10.0.40219.1
Project("{FAE04EC0-301F-11D3-BF4B-00C04F79EFBC}") = "echa-backend-dotnet", "echa-backend-dotnet.csproj", "{011288D4-227B-A8B0-A679-13043D80F876}"
EndProject
Global
	GlobalSection(SolutionConfigurationPlatforms) = preSolution
		Debug|Any CPU = Debug|Any CPU
		Release|Any CPU = Release|Any CPU
	EndGlobalSection
	GlobalSection(ProjectConfigurationPlatforms) = postSolution
		{011288D4-227B-A8B0-A679-13043D80F876}.Debug|Any CPU.ActiveCfg = Debug|Any CPU
		{011288D4-227B-A8B0-A679-13043D80F876}.Debug|Any CPU.Build.0 = Debug|Any CPU
		{011288D4-227B-A8B0-A679-13043D80F876}.Release|Any CPU.ActiveCfg = Release|Any CPU
		{011288D4-227B-A8B0-A679-13043D80F876}.Release|Any CPU.Build.0 = Release|Any CPU
	EndGlobalSection
	GlobalSection(SolutionProperties) = preSolution
		HideSolutionNode = FALSE
	EndGlobalSection
	GlobalSection(ExtensibilityGlobals) = postSolution
		SolutionGuid = {3D4BE7F7-E802-49D8-AC4C-8A05B26A16AF}
	EndGlobalSection
EndGlobal
